// !$*UTF8*$!
{
	archiveVersion = 1;
	classes = {
	};
	objectVersion = 46;
	objects = {

/* Begin PBXBuildFile section */
		002709261B2AAFC00095CD3D /* main.c in Sources */ = {isa = PBXBuildFile; fileRef = 002709251B2AAFC00095CD3D /* main.c */; };
		0027092D1B2AAFCF0095CD3D /* GLUT.framework in Frameworks */ = {isa = PBXBuildFile; fileRef = 0027092C1B2AAFCF0095CD3D /* GLUT.framework */; };
		0027092F1B2AAFD70095CD3D /* OpenGL.framework in Frameworks */ = {isa = PBXBuildFile; fileRef = 0027092E1B2AAFD70095CD3D /* OpenGL.framework */; };
/* End PBXBuildFile section */

/* Begin PBXCopyFilesBuildPhase section */
		002709201B2AAFC00095CD3D /* CopyFiles */ = {
			isa = PBXCopyFilesBuildPhase;
			buildActionMask = 2147483647;
			dstPath = /usr/share/man/man1/;
			dstSubfolderSpec = 0;
			files = (
			);
			runOnlyForDeploymentPostprocessing = 1;
		};
/* End PBXCopyFilesBuildPhase section */

/* Begin PBXFileReference section */
		002709221B2AAFC00095CD3D /* solar-system */ = {isa = PBXFileReference; explicitFileType = "compiled.mach-o.executable"; includeInIndex = 0; path = "solar-system"; sourceTree = BUILT_PRODUCTS_DIR; };
		002709251B2AAFC00095CD3D /* main.c */ = {isa = PBXFileReference; lastKnownFileType = sourcecode.c.c; path = main.c; sourceTree = "<group>"; };
		0027092C1B2AAFCF0095CD3D /* GLUT.framework */ = {isa = PBXFileReference; lastKnownFileType = wrapper.framework; name = GLUT.framework; path = System/Library/Frameworks/GLUT.framework; sourceTree = SDKROOT; };
		0027092E1B2AAFD70095CD3D /* OpenGL.framework */ = {isa = PBXFileReference; lastKnownFileType = wrapper.framework; name = OpenGL.framework; path = System/Library/Frameworks/OpenGL.framework; sourceTree = SDKROOT; };
		002709301B2AB3F20095CD3D /* planet.h */ = {isa = PBXFileReference; lastKnownFileType = sourcecode.c.h; path = planet.h; sourceTree = "<group>"; };
/* End PBXFileReference section */

/* Begin PBXFrameworksBuildPhase section */
		0027091F1B2AAFC00095CD3D /* Frameworks */ = {
			isa = PBXFrameworksBuildPhase;
			buildActionMask = 2147483647;
			files = (
				0027092F1B2AAFD70095CD3D /* OpenGL.framework in Frameworks */,
				0027092D1B2AAFCF0095CD3D /* GLUT.framework in Frameworks */,
			);
			runOnlyForDeploymentPostprocessing = 0;
		};
/* End PBXFrameworksBuildPhase section */

/* Begin PBXGroup section */
		002709191B2AAFC00095CD3D = {
			isa = PBXGroup;
			children = (
				0027092E1B2AAFD70095CD3D /* OpenGL.framework */,
				0027092C1B2AAFCF0095CD3D /* GLUT.framework */,
				002709241B2AAFC00095CD3D /* solar-system */,
				002709231B2AAFC00095CD3D /* Products */,
			);
			sourceTree = "<group>";
		};
		002709231B2AAFC00095CD3D /* Products */ = {
			isa = PBXGroup;
			children = (
				002709221B2AAFC00095CD3D /* solar-system */,
			);
			name = Products;
			sourceTree = "<group>";
		};
		002709241B2AAFC00095CD3D /* solar-system */ = {
			isa = PBXGroup;
			children = (
				002709251B2AAFC00095CD3D /* main.c */,
				002709301B2AB3F20095CD3D /* planet.h */,
			);
			path = "solar-system";
			sourceTree = "<group>";
		};
/* End PBXGroup section */

/* Begin PBXNativeTarget section */
		002709211B2AAFC00095CD3D /* solar-system */ = {
			isa = PBXNativeTarget;
			buildConfigurationList = 002709291B2AAFC00095CD3D /* Build configuration list for PBXNativeTarget "solar-system" */;
			buildPhases = (
				0027091E1B2AAFC00095CD3D /* Sources */,
				0027091F1B2AAFC00095CD3D /* Frameworks */,
				002709201B2AAFC00095CD3D /* CopyFiles */,
			);
			buildRules = (
			);
			dependencies = (
			);
			name = "solar-system";
			productName = "solar-system";
			productReference = 002709221B2AAFC00095CD3D /* solar-system */;
			productType = "com.apple.product-type.tool";
		};
/* End PBXNativeTarget section */

/* Begin PBXProject section */
		0027091A1B2AAFC00095CD3D /* Project object */ = {
			isa = PBXProject;
			attributes = {
				LastUpgradeCheck = 0630;
				ORGANIZATIONNAME = "Nikita Gusakov";
				TargetAttributes = {
					002709211B2AAFC00095CD3D = {
						CreatedOnToolsVersion = 6.3.2;
					};
				};
			};
			buildConfigurationList = 0027091D1B2AAFC00095CD3D /* Build configuration list for PBXProject "solar-system" */;
			compatibilityVersion = "Xcode 3.2";
			developmentRegion = English;
			hasScannedForEncodings = 0;
			knownRegions = (
				en,
			);
			mainGroup = 002709191B2AAFC00095CD3D;
			productRefGroup = 002709231B2AAFC00095CD3D /* Products */;
			projectDirPath = "";
			projectRoot = "";
			targets = (
				002709211B2AAFC00095CD3D /* solar-system */,
			);
		};
/* End PBXProject section */

/* Begin PBXSourcesBuildPhase section */
		0027091E1B2AAFC00095CD3D /* Sources */ = {
			isa = PBXSourcesBuildPhase;
			buildActionMask = 2147483647;
			files = (
				002709261B2AAFC00095CD3D /* main.c in Sources */,
			);
			runOnlyForDeploymentPostprocessing = 0;
		};
/* End PBXSourcesBuildPhase section */

/* Begin XCBuildConfiguration section */
		002709271B2AAFC00095CD3D /* Debug */ = {
			isa = XCBuildConfiguration;
			buildSettings = {
				ALWAYS_SEARCH_USER_PATHS = NO;
				CLANG_CXX_LANGUAGE_STANDARD = "gnu++0x";
				CLANG_CXX_LIBRARY = "libc++";
				CLANG_ENABLE_MODULES = YES;
				CLANG_ENABLE_OBJC_ARC = YES;
				CLANG_WARN_BOOL_CONVERSION = YES;
				CLANG_WARN_CONSTANT_CONVERSION = YES;
				CLANG_WARN_DIRECT_OBJC_ISA_USAGE = YES_ERROR;
				CLANG_WARN_EMPTY_BODY = YES;
				CLANG_WARN_ENUM_CONVERSION = YES;
				CLANG_WARN_INT_CONVERSION = YES;
				CLANG_WARN_OBJC_ROOT_CLASS = YES_ERROR;
				CLANG_WARN_UNREACHABLE_CODE = YES;
				CLANG_WARN__DUPLICATE_METHOD_MATCH = YES;
				COPY_PHASE_STRIP = NO;
				DEBUG_INFORMATION_FORMAT = dwarf;
				ENABLE_STRICT_OBJC_MSGSEND = YES;
				GCC_C_LANGUAGE_STANDARD = gnu99;
				GCC_DYNAMIC_NO_PIC = NO;
				GCC_NO_COMMON_BLOCKS = YES;
				GCC_OPTIMIZATION_LEVEL = 0;
				GCC_PREPROCESSOR_DEFINITIONS = (
					"DEBUG=1",
					"$(inherited)",
				);
				GCC_SYMBOLS_PRIVATE_EXTERN = NO;
				GCC_WARN_64_TO_32_BIT_CONVERSION = YES;
				GCC_WARN_ABOUT_RETURN_TYPE = YES_ERROR;
				GCC_WARN_UNDECLARED_SELECTOR = YES;
				GCC_WARN_UNINITIALIZED_AUTOS = YES_AGGRESSIVE;
				GCC_WARN_UNUSED_FUNCTION = YES;
				GCC_WARN_UNUSED_VARIABLE = YES;
				MACOSX_DEPLOYMENT_TARGET = 10.10;
				MTL_ENABLE_DEBUG_INFO = YES;
				ONLY_ACTIVE_ARCH = YES;
				SDKROOT = macosx;
			};
			name = Debug;
		};
		002709281B2AAFC00095CD3D /* Release */ = {
			isa = XCBuildConfiguration;
			buildSettings = {
				ALWAYS_SEARCH_USER_PATHS = NO;
				CLANG_CXX_LANGUAGE_STANDARD = "gnu++0x";
				CLANG_CXX_LIBRARY = "libc++";
				CLANG_ENABLE_MODULES = YES;
				CLANG_ENABLE_OBJC_ARC = YES;
				CLANG_WARN_BOOL_CONVERSION = YES;
				CLANG_WARN_CONSTANT_CONVERSION = YES;
				CLANG_WARN_DIRECT_OBJC_ISA_USAGE = YES_ERROR;
				CLANG_WARN_EMPTY_BODY = YES;
				CLANG_WARN_ENUM_CONVERSION = YES;
				CLANG_WARN_INT_CONVERSION = YES;
				CLANG_WARN_OBJC_ROOT_CLASS = YES_ERROR;
				CLANG_WARN_UNREACHABLE_CODE = YES;
				CLANG_WARN__DUPLICATE_METHOD_MATCH = YES;
				COPY_PHASE_STRIP = NO;
				DEBUG_INFORMATION_FORMAT = "dwarf-with-dsym";
				ENABLE_NS_ASSERTIONS = NO;
				ENABLE_STRICT_OBJC_MSGSEND = YES;
				GCC_C_LANGUAGE_STANDARD = gnu99;
				GCC_NO_COMMON_BLOCKS = YES;
				GCC_WARN_64_TO_32_BIT_CONVERSION = YES;
				GCC_WARN_ABOUT_RETURN_TYPE = YES_ERROR;
				GCC_WARN_UNDECLARED_SELECTOR = YES;
				GCC_WARN_UNINITIALIZED_AUTOS = YES_AGGRESSIVE;
				GCC_WARN_UNUSED_FUNCTION = YES;
				GCC_WARN_UNUSED_VARIABLE = YES;
				MACOSX_DEPLOYMENT_TARGET = 10.10;
				MTL_ENABLE_DEBUG_INFO = NO;
				SDKROOT = macosx;
			};
			name = Release;
		};
		0027092A1B2AAFC00095CD3D /* Debug */ = {
			isa = XCBuildConfiguration;
			buildSettings = {
				MACOSX_DEPLOYMENT_TARGET = 10.8;
				PRODUCT_NAME = "$(TARGET_NAME)";
			};
			name = Debug;
		};
		0027092B1B2AAFC00095CD3D /* Release */ = {
			isa = XCBuildConfiguration;
			buildSettings = {
				MACOSX_DEPLOYMENT_TARGET = 10.8;
				PRODUCT_NAME = "$(TARGET_NAME)";
			};
			name = Release;
		};
/* End XCBuildConfiguration section */

/* Begin XCConfigurationList section */
		0027091D1B2AAFC00095CD3D /* Build configuration list for PBXProject "solar-system" */ = {
			isa = XCConfigurationList;
			buildConfigurations = (
				002709271B2AAFC00095CD3D /* Debug */,
				002709281B2AAFC00095CD3D /* Release */,
			);
			defaultConfigurationIsVisible = 0;
			defaultConfigurationName = Release;
		};
		002709291B2AAFC00095CD3D /* Build configuration list for PBXNativeTarget "solar-system" */ = {
			isa = XCConfigurationList;
			buildConfigurations = (
				0027092A1B2AAFC00095CD3D /* Debug */,
				0027092B1B2AAFC00095CD3D /* Release */,
			);
			defaultConfigurationIsVisible = 0;
		};
/* End XCConfigurationList section */
	};
	rootObject = 0027091A1B2AAFC00095CD3D /* Project object */;
}
